
Microsoft Visual Studio Solution File, Format Version 12.00
# Visual Studio Version 16
VisualStudioVersion = 16.0.31112.23
MinimumVisualStudioVersion = 10.0.40219.1
Project("{9A19103F-16F7-4668-BE54-9A1E7A4F7556}") = "PixelViewer", "PixelViewer\PixelViewer.csproj", "{16A3F8C8-4EEE-402F-8532-38CC0D2A8BA7}"
EndProject
Project("{9A19103F-16F7-4668-BE54-9A1E7A4F7556}") = "PixelViewer.Test", "PixelViewer.Test\PixelViewer.Test.csproj", "{8BC51515-8D0B-4ED1-B477-4CDC969BAD46}"
EndProject
Project("{C7167F0D-BC9F-4E6E-AFE1-012C56B48DB5}") = "Windows10Installer", "Windows10Installer\Windows10Installer.wapproj", "{64DF6079-3B66-458E-A440-82252FECE32D}"
EndProject
Project("{2150E333-8FDC-42A3-9474-1A3956D46DE8}") = "Solution Items", "Solution Items", "{E5E248CB-81EB-47E3-9583-B1D78792D2AA}"
	ProjectSection(SolutionItems) = preProject
		LICENSE.md = LICENSE.md
		PackageInfo.json = PackageInfo.json
		PRIVACY-POLICY.md = PRIVACY-POLICY.md
		README.md = README.md
	EndProjectSection
EndProject
Global
	GlobalSection(SolutionConfigurationPlatforms) = preSolution
		Debug|Any CPU = Debug|Any CPU
		Debug|ARM = Debug|ARM
		Debug|ARM64 = Debug|ARM64
		Debug|x64 = Debug|x64
		Debug|x86 = Debug|x86
		MSStore-Debug|Any CPU = MSStore-Debug|Any CPU
		MSStore-Debug|ARM = MSStore-Debug|ARM
		MSStore-Debug|ARM64 = MSStore-Debug|ARM64
		MSStore-Debug|x64 = MSStore-Debug|x64
		MSStore-Debug|x86 = MSStore-Debug|x86
		MSStore-Release|Any CPU = MSStore-Release|Any CPU
		MSStore-Release|ARM = MSStore-Release|ARM
		MSStore-Release|ARM64 = MSStore-Release|ARM64
		MSStore-Release|x64 = MSStore-Release|x64
		MSStore-Release|x86 = MSStore-Release|x86
		Release|Any CPU = Release|Any CPU
		Release|ARM = Release|ARM
		Release|ARM64 = Release|ARM64
		Release|x64 = Release|x64
		Release|x86 = Release|x86
	EndGlobalSection
	GlobalSection(ProjectConfigurationPlatforms) = postSolution
		{16A3F8C8-4EEE-402F-8532-38CC0D2A8BA7}.Debug|Any CPU.ActiveCfg = Debug|Any CPU
		{16A3F8C8-4EEE-402F-8532-38CC0D2A8BA7}.Debug|Any CPU.Build.0 = Debug|Any CPU
		{16A3F8C8-4EEE-402F-8532-38CC0D2A8BA7}.Debug|ARM.ActiveCfg = Debug|Any CPU
		{16A3F8C8-4EEE-402F-8532-38CC0D2A8BA7}.Debug|ARM.Build.0 = Debug|Any CPU
		{16A3F8C8-4EEE-402F-8532-38CC0D2A8BA7}.Debug|ARM64.ActiveCfg = Debug|Any CPU
		{16A3F8C8-4EEE-402F-8532-38CC0D2A8BA7}.Debug|ARM64.Build.0 = Debug|Any CPU
		{16A3F8C8-4EEE-402F-8532-38CC0D2A8BA7}.Debug|x64.ActiveCfg = Debug|x64
		{16A3F8C8-4EEE-402F-8532-38CC0D2A8BA7}.Debug|x64.Build.0 = Debug|x64
		{16A3F8C8-4EEE-402F-8532-38CC0D2A8BA7}.Debug|x86.ActiveCfg = Debug|x86
		{16A3F8C8-4EEE-402F-8532-38CC0D2A8BA7}.Debug|x86.Build.0 = Debug|x86
		{16A3F8C8-4EEE-402F-8532-38CC0D2A8BA7}.MSStore-Debug|Any CPU.ActiveCfg = MSStore-Debug|Any CPU
		{16A3F8C8-4EEE-402F-8532-38CC0D2A8BA7}.MSStore-Debug|Any CPU.Build.0 = MSStore-Debug|Any CPU
		{16A3F8C8-4EEE-402F-8532-38CC0D2A8BA7}.MSStore-Debug|ARM.ActiveCfg = MSStore-Debug|Any CPU
		{16A3F8C8-4EEE-402F-8532-38CC0D2A8BA7}.MSStore-Debug|ARM.Build.0 = MSStore-Debug|Any CPU
		{16A3F8C8-4EEE-402F-8532-38CC0D2A8BA7}.MSStore-Debug|ARM64.ActiveCfg = MSStore-Debug|Any CPU
		{16A3F8C8-4EEE-402F-8532-38CC0D2A8BA7}.MSStore-Debug|ARM64.Build.0 = MSStore-Debug|Any CPU
		{16A3F8C8-4EEE-402F-8532-38CC0D2A8BA7}.MSStore-Debug|x64.ActiveCfg = MSStore-Debug|x64
		{16A3F8C8-4EEE-402F-8532-38CC0D2A8BA7}.MSStore-Debug|x64.Build.0 = MSStore-Debug|x64
		{16A3F8C8-4EEE-402F-8532-38CC0D2A8BA7}.MSStore-Debug|x86.ActiveCfg = MSStore-Debug|x86
		{16A3F8C8-4EEE-402F-8532-38CC0D2A8BA7}.MSStore-Debug|x86.Build.0 = MSStore-Debug|x86
		{16A3F8C8-4EEE-402F-8532-38CC0D2A8BA7}.MSStore-Release|Any CPU.ActiveCfg = MSStore-Release|Any CPU
		{16A3F8C8-4EEE-402F-8532-38CC0D2A8BA7}.MSStore-Release|Any CPU.Build.0 = MSStore-Release|Any CPU
		{16A3F8C8-4EEE-402F-8532-38CC0D2A8BA7}.MSStore-Release|ARM.ActiveCfg = MSStore-Release|Any CPU
		{16A3F8C8-4EEE-402F-8532-38CC0D2A8BA7}.MSStore-Release|ARM.Build.0 = MSStore-Release|Any CPU
		{16A3F8C8-4EEE-402F-8532-38CC0D2A8BA7}.MSStore-Release|ARM64.ActiveCfg = MSStore-Release|Any CPU
		{16A3F8C8-4EEE-402F-8532-38CC0D2A8BA7}.MSStore-Release|ARM64.Build.0 = MSStore-Release|Any CPU
		{16A3F8C8-4EEE-402F-8532-38CC0D2A8BA7}.MSStore-Release|x64.ActiveCfg = MSStore-Release|x64
		{16A3F8C8-4EEE-402F-8532-38CC0D2A8BA7}.MSStore-Release|x64.Build.0 = MSStore-Release|x64
		{16A3F8C8-4EEE-402F-8532-38CC0D2A8BA7}.MSStore-Release|x86.ActiveCfg = MSStore-Release|x86
		{16A3F8C8-4EEE-402F-8532-38CC0D2A8BA7}.MSStore-Release|x86.Build.0 = MSStore-Release|x86
		{16A3F8C8-4EEE-402F-8532-38CC0D2A8BA7}.Release|Any CPU.ActiveCfg = Release|Any CPU
		{16A3F8C8-4EEE-402F-8532-38CC0D2A8BA7}.Release|Any CPU.Build.0 = Release|Any CPU
		{16A3F8C8-4EEE-402F-8532-38CC0D2A8BA7}.Release|ARM.ActiveCfg = Release|Any CPU
		{16A3F8C8-4EEE-402F-8532-38CC0D2A8BA7}.Release|ARM.Build.0 = Release|Any CPU
		{16A3F8C8-4EEE-402F-8532-38CC0D2A8BA7}.Release|ARM64.ActiveCfg = Release|Any CPU
		{16A3F8C8-4EEE-402F-8532-38CC0D2A8BA7}.Release|ARM64.Build.0 = Release|Any CPU
		{16A3F8C8-4EEE-402F-8532-38CC0D2A8BA7}.Release|x64.ActiveCfg = Release|x64
		{16A3F8C8-4EEE-402F-8532-38CC0D2A8BA7}.Release|x64.Build.0 = Release|x64
		{16A3F8C8-4EEE-402F-8532-38CC0D2A8BA7}.Release|x86.ActiveCfg = Release|x86
		{16A3F8C8-4EEE-402F-8532-38CC0D2A8BA7}.Release|x86.Build.0 = Release|x86
		{8BC51515-8D0B-4ED1-B477-4CDC969BAD46}.Debug|Any CPU.ActiveCfg = Debug|Any CPU
		{8BC51515-8D0B-4ED1-B477-4CDC969BAD46}.Debug|Any CPU.Build.0 = Debug|Any CPU
		{8BC51515-8D0B-4ED1-B477-4CDC969BAD46}.Debug|ARM.ActiveCfg = Debug|Any CPU
		{8BC51515-8D0B-4ED1-B477-4CDC969BAD46}.Debug|ARM.Build.0 = Debug|Any CPU
		{8BC51515-8D0B-4ED1-B477-4CDC969BAD46}.Debug|ARM64.ActiveCfg = Debug|Any CPU
		{8BC51515-8D0B-4ED1-B477-4CDC969BAD46}.Debug|ARM64.Build.0 = Debug|Any CPU
		{8BC51515-8D0B-4ED1-B477-4CDC969BAD46}.Debug|x64.ActiveCfg = Debug|Any CPU
		{8BC51515-8D0B-4ED1-B477-4CDC969BAD46}.Debug|x64.Build.0 = Debug|Any CPU
		{8BC51515-8D0B-4ED1-B477-4CDC969BAD46}.Debug|x86.ActiveCfg = Debug|Any CPU
		{8BC51515-8D0B-4ED1-B477-4CDC969BAD46}.Debug|x86.Build.0 = Debug|Any CPU
		{8BC51515-8D0B-4ED1-B477-4CDC969BAD46}.MSStore-Debug|Any CPU.ActiveCfg = MSStore-Debug|Any CPU
		{8BC51515-8D0B-4ED1-B477-4CDC969BAD46}.MSStore-Debug|Any CPU.Build.0 = MSStore-Debug|Any CPU
		{8BC51515-8D0B-4ED1-B477-4CDC969BAD46}.MSStore-Debug|ARM.ActiveCfg = MSStore-Debug|Any CPU
		{8BC51515-8D0B-4ED1-B477-4CDC969BAD46}.MSStore-Debug|ARM.Build.0 = MSStore-Debug|Any CPU
		{8BC51515-8D0B-4ED1-B477-4CDC969BAD46}.MSStore-Debug|ARM64.ActiveCfg = MSStore-Debug|Any CPU
		{8BC51515-8D0B-4ED1-B477-4CDC969BAD46}.MSStore-Debug|ARM64.Build.0 = MSStore-Debug|Any CPU
		{8BC51515-8D0B-4ED1-B477-4CDC969BAD46}.MSStore-Debug|x64.ActiveCfg = MSStore-Debug|Any CPU
		{8BC51515-8D0B-4ED1-B477-4CDC969BAD46}.MSStore-Debug|x64.Build.0 = MSStore-Debug|Any CPU
		{8BC51515-8D0B-4ED1-B477-4CDC969BAD46}.MSStore-Debug|x86.ActiveCfg = MSStore-Debug|Any CPU
		{8BC51515-8D0B-4ED1-B477-4CDC969BAD46}.MSStore-Debug|x86.Build.0 = MSStore-Debug|Any CPU
		{8BC51515-8D0B-4ED1-B477-4CDC969BAD46}.MSStore-Release|Any CPU.ActiveCfg = MSStore-Release|Any CPU
		{8BC51515-8D0B-4ED1-B477-4CDC969BAD46}.MSStore-Release|Any CPU.Build.0 = MSStore-Release|Any CPU
		{8BC51515-8D0B-4ED1-B477-4CDC969BAD46}.MSStore-Release|ARM.ActiveCfg = MSStore-Release|Any CPU
		{8BC51515-8D0B-4ED1-B477-4CDC969BAD46}.MSStore-Release|ARM.Build.0 = MSStore-Release|Any CPU
		{8BC51515-8D0B-4ED1-B477-4CDC969BAD46}.MSStore-Release|ARM64.ActiveCfg = MSStore-Release|Any CPU
		{8BC51515-8D0B-4ED1-B477-4CDC969BAD46}.MSStore-Release|ARM64.Build.0 = MSStore-Release|Any CPU
		{8BC51515-8D0B-4ED1-B477-4CDC969BAD46}.MSStore-Release|x64.ActiveCfg = MSStore-Release|Any CPU
		{8BC51515-8D0B-4ED1-B477-4CDC969BAD46}.MSStore-Release|x64.Build.0 = MSStore-Release|Any CPU
		{8BC51515-8D0B-4ED1-B477-4CDC969BAD46}.MSStore-Release|x86.ActiveCfg = MSStore-Release|Any CPU
		{8BC51515-8D0B-4ED1-B477-4CDC969BAD46}.MSStore-Release|x86.Build.0 = MSStore-Release|Any CPU
		{8BC51515-8D0B-4ED1-B477-4CDC969BAD46}.Release|Any CPU.ActiveCfg = Release|Any CPU
		{8BC51515-8D0B-4ED1-B477-4CDC969BAD46}.Release|Any CPU.Build.0 = Release|Any CPU
		{8BC51515-8D0B-4ED1-B477-4CDC969BAD46}.Release|ARM.ActiveCfg = Release|Any CPU
		{8BC51515-8D0B-4ED1-B477-4CDC969BAD46}.Release|ARM.Build.0 = Release|Any CPU
		{8BC51515-8D0B-4ED1-B477-4CDC969BAD46}.Release|ARM64.ActiveCfg = Release|Any CPU
		{8BC51515-8D0B-4ED1-B477-4CDC969BAD46}.Release|ARM64.Build.0 = Release|Any CPU
		{8BC51515-8D0B-4ED1-B477-4CDC969BAD46}.Release|x64.ActiveCfg = Release|Any CPU
		{8BC51515-8D0B-4ED1-B477-4CDC969BAD46}.Release|x64.Build.0 = Release|Any CPU
		{8BC51515-8D0B-4ED1-B477-4CDC969BAD46}.Release|x86.ActiveCfg = Release|Any CPU
		{8BC51515-8D0B-4ED1-B477-4CDC969BAD46}.Release|x86.Build.0 = Release|Any CPU
		{64DF6079-3B66-458E-A440-82252FECE32D}.Debug|Any CPU.ActiveCfg = Debug|Any CPU
		{64DF6079-3B66-458E-A440-82252FECE32D}.Debug|Any CPU.Build.0 = Debug|Any CPU
		{64DF6079-3B66-458E-A440-82252FECE32D}.Debug|Any CPU.Deploy.0 = Debug|Any CPU
		{64DF6079-3B66-458E-A440-82252FECE32D}.Debug|ARM.ActiveCfg = Debug|ARM
		{64DF6079-3B66-458E-A440-82252FECE32D}.Debug|ARM.Build.0 = Debug|ARM
		{64DF6079-3B66-458E-A440-82252FECE32D}.Debug|ARM.Deploy.0 = Debug|ARM
		{64DF6079-3B66-458E-A440-82252FECE32D}.Debug|ARM64.ActiveCfg = Debug|ARM64
		{64DF6079-3B66-458E-A440-82252FECE32D}.Debug|ARM64.Build.0 = Debug|ARM64
		{64DF6079-3B66-458E-A440-82252FECE32D}.Debug|ARM64.Deploy.0 = Debug|ARM64
		{64DF6079-3B66-458E-A440-82252FECE32D}.Debug|x64.ActiveCfg = Debug|x64
		{64DF6079-3B66-458E-A440-82252FECE32D}.Debug|x64.Build.0 = Debug|x64
		{64DF6079-3B66-458E-A440-82252FECE32D}.Debug|x64.Deploy.0 = Debug|x64
		{64DF6079-3B66-458E-A440-82252FECE32D}.Debug|x86.ActiveCfg = Debug|x86
		{64DF6079-3B66-458E-A440-82252FECE32D}.Debug|x86.Build.0 = Debug|x86
		{64DF6079-3B66-458E-A440-82252FECE32D}.Debug|x86.Deploy.0 = Debug|x86
		{64DF6079-3B66-458E-A440-82252FECE32D}.MSStore-Debug|Any CPU.ActiveCfg = MSStore-Debug|Any CPU
		{64DF6079-3B66-458E-A440-82252FECE32D}.MSStore-Debug|Any CPU.Build.0 = MSStore-Debug|Any CPU
		{64DF6079-3B66-458E-A440-82252FECE32D}.MSStore-Debug|Any CPU.Deploy.0 = MSStore-Debug|Any CPU
		{64DF6079-3B66-458E-A440-82252FECE32D}.MSStore-Debug|ARM.ActiveCfg = MSStore-Debug|ARM
		{64DF6079-3B66-458E-A440-82252FECE32D}.MSStore-Debug|ARM.Build.0 = MSStore-Debug|ARM
		{64DF6079-3B66-458E-A440-82252FECE32D}.MSStore-Debug|ARM.Deploy.0 = MSStore-Debug|ARM
		{64DF6079-3B66-458E-A440-82252FECE32D}.MSStore-Debug|ARM64.ActiveCfg = MSStore-Debug|ARM64
		{64DF6079-3B66-458E-A440-82252FECE32D}.MSStore-Debug|ARM64.Build.0 = MSStore-Debug|ARM64
		{64DF6079-3B66-458E-A440-82252FECE32D}.MSStore-Debug|ARM64.Deploy.0 = MSStore-Debug|ARM64
		{64DF6079-3B66-458E-A440-82252FECE32D}.MSStore-Debug|x64.ActiveCfg = MSStore-Debug|x64
		{64DF6079-3B66-458E-A440-82252FECE32D}.MSStore-Debug|x64.Build.0 = MSStore-Debug|x64
		{64DF6079-3B66-458E-A440-82252FECE32D}.MSStore-Debug|x64.Deploy.0 = MSStore-Debug|x64
		{64DF6079-3B66-458E-A440-82252FECE32D}.MSStore-Debug|x86.ActiveCfg = MSStore-Debug|x86
		{64DF6079-3B66-458E-A440-82252FECE32D}.MSStore-Debug|x86.Build.0 = MSStore-Debug|x86
		{64DF6079-3B66-458E-A440-82252FECE32D}.MSStore-Debug|x86.Deploy.0 = MSStore-Debug|x86
		{64DF6079-3B66-458E-A440-82252FECE32D}.MSStore-Release|Any CPU.ActiveCfg = MSStore-Release|Any CPU
		{64DF6079-3B66-458E-A440-82252FECE32D}.MSStore-Release|Any CPU.Build.0 = MSStore-Release|Any CPU
		{64DF6079-3B66-458E-A440-82252FECE32D}.MSStore-Release|Any CPU.Deploy.0 = MSStore-Release|Any CPU
		{64DF6079-3B66-458E-A440-82252FECE32D}.MSStore-Release|ARM.ActiveCfg = MSStore-Release|ARM
		{64DF6079-3B66-458E-A440-82252FECE32D}.MSStore-Release|ARM.Build.0 = MSStore-Release|ARM
		{64DF6079-3B66-458E-A440-82252FECE32D}.MSStore-Release|ARM.Deploy.0 = MSStore-Release|ARM
		{64DF6079-3B66-458E-A440-82252FECE32D}.MSStore-Release|ARM64.ActiveCfg = MSStore-Release|ARM64
		{64DF6079-3B66-458E-A440-82252FECE32D}.MSStore-Release|ARM64.Build.0 = MSStore-Release|ARM64
		{64DF6079-3B66-458E-A440-82252FECE32D}.MSStore-Release|ARM64.Deploy.0 = MSStore-Release|ARM64
		{64DF6079-3B66-458E-A440-82252FECE32D}.MSStore-Release|x64.ActiveCfg = MSStore-Release|x64
		{64DF6079-3B66-458E-A440-82252FECE32D}.MSStore-Release|x64.Build.0 = MSStore-Release|x64
		{64DF6079-3B66-458E-A440-82252FECE32D}.MSStore-Release|x64.Deploy.0 = MSStore-Release|x64
		{64DF6079-3B66-458E-A440-82252FECE32D}.MSStore-Release|x86.ActiveCfg = MSStore-Release|x86
		{64DF6079-3B66-458E-A440-82252FECE32D}.MSStore-Release|x86.Build.0 = MSStore-Release|x86
		{64DF6079-3B66-458E-A440-82252FECE32D}.MSStore-Release|x86.Deploy.0 = MSStore-Release|x86
		{64DF6079-3B66-458E-A440-82252FECE32D}.Release|Any CPU.ActiveCfg = Release|Any CPU
		{64DF6079-3B66-458E-A440-82252FECE32D}.Release|Any CPU.Build.0 = Release|Any CPU
		{64DF6079-3B66-458E-A440-82252FECE32D}.Release|Any CPU.Deploy.0 = Release|Any CPU
		{64DF6079-3B66-458E-A440-82252FECE32D}.Release|ARM.ActiveCfg = Release|ARM
		{64DF6079-3B66-458E-A440-82252FECE32D}.Release|ARM.Build.0 = Release|ARM
		{64DF6079-3B66-458E-A440-82252FECE32D}.Release|ARM.Deploy.0 = Release|ARM
		{64DF6079-3B66-458E-A440-82252FECE32D}.Release|ARM64.ActiveCfg = Release|ARM64
		{64DF6079-3B66-458E-A440-82252FECE32D}.Release|ARM64.Build.0 = Release|ARM64
		{64DF6079-3B66-458E-A440-82252FECE32D}.Release|ARM64.Deploy.0 = Release|ARM64
		{64DF6079-3B66-458E-A440-82252FECE32D}.Release|x64.ActiveCfg = Release|x64
		{64DF6079-3B66-458E-A440-82252FECE32D}.Release|x64.Build.0 = Release|x64
		{64DF6079-3B66-458E-A440-82252FECE32D}.Release|x64.Deploy.0 = Release|x64
		{64DF6079-3B66-458E-A440-82252FECE32D}.Release|x86.ActiveCfg = Release|x86
		{64DF6079-3B66-458E-A440-82252FECE32D}.Release|x86.Build.0 = Release|x86
		{64DF6079-3B66-458E-A440-82252FECE32D}.Release|x86.Deploy.0 = Release|x86
	EndGlobalSection
	GlobalSection(SolutionProperties) = preSolution
		HideSolutionNode = FALSE
	EndGlobalSection
	GlobalSection(ExtensibilityGlobals) = postSolution
		SolutionGuid = {3794CE40-2047-4CE0-AE66-D145F895C349}
	EndGlobalSection
EndGlobal
